
Microsoft Visual Studio Solution File, Format Version 12.00
# Visual Studio Version 16
VisualStudioVersion = 16.0.31321.278
MinimumVisualStudioVersion = 10.0.40219.1
Project("{8BC9CEB8-8B4A-11D0-8D11-00A0C91BC942}") = "Proyecto Estructura De Datos", "Proyecto Estructura De Datos\Proyecto Estructura De Datos.vcxproj", "{F10D59DD-5873-44D1-AC7D-E60E7B59859F}"
EndProject
Global
	GlobalSection(SolutionConfigurationPlatforms) = preSolution
		Debug|x64 = Debug|x64
		Debug|x86 = Debug|x86
		Release|x64 = Release|x64
		Release|x86 = Release|x86
	EndGlobalSection
	GlobalSection(ProjectConfigurationPlatforms) = postSolution
		{F10D59DD-5873-44D1-AC7D-E60E7B59859F}.Debug|x64.ActiveCfg = Debug|x64
		{F10D59DD-5873-44D1-AC7D-E60E7B59859F}.Debug|x64.Build.0 = Debug|x64
		{F10D59DD-5873-44D1-AC7D-E60E7B59859F}.Debug|x86.ActiveCfg = Debug|Win32
		{F10D59DD-5873-44D1-AC7D-E60E7B59859F}.Debug|x86.Build.0 = Debug|Win32
		{F10D59DD-5873-44D1-AC7D-E60E7B59859F}.Release|x64.ActiveCfg = Release|x64
		{F10D59DD-5873-44D1-AC7D-E60E7B59859F}.Release|x64.Build.0 = Release|x64
		{F10D59DD-5873-44D1-AC7D-E60E7B59859F}.Release|x86.ActiveCfg = Release|Win32
		{F10D59DD-5873-44D1-AC7D-E60E7B59859F}.Release|x86.Build.0 = Release|Win32
	EndGlobalSection
	GlobalSection(SolutionProperties) = preSolution
		HideSolutionNode = FALSE
	EndGlobalSection
	GlobalSection(ExtensibilityGlobals) = postSolution
		SolutionGuid = {BB4B30A5-8EA1-478E-8376-6A5E7415F399}
	EndGlobalSection
EndGlobal
